
Microsoft Visual Studio Solution File, Format Version 12.00
# Visual Studio Version 16
VisualStudioVersion = 16.0.31129.286
MinimumVisualStudioVersion = 10.0.40219.1
Project("{8BC9CEB8-8B4A-11D0-8D11-00A0C91BC942}") = "mysqlc3", "mysqlc3\mysqlc3.vcxproj", "{C4D33F84-079F-4842-B9DA-FC7215A82B30}"
EndProject
Global
	GlobalSection(SolutionConfigurationPlatforms) = preSolution
		Debug|x64 = Debug|x64
		Debug|x86 = Debug|x86
		Release|x64 = Release|x64
		Release|x86 = Release|x86
	EndGlobalSection
	GlobalSection(ProjectConfigurationPlatforms) = postSolution
		{C4D33F84-079F-4842-B9DA-FC7215A82B30}.Debug|x64.ActiveCfg = Debug|x64
		{C4D33F84-079F-4842-B9DA-FC7215A82B30}.Debug|x64.Build.0 = Debug|x64
		{C4D33F84-079F-4842-B9DA-FC7215A82B30}.Debug|x86.ActiveCfg = Debug|Win32
		{C4D33F84-079F-4842-B9DA-FC7215A82B30}.Debug|x86.Build.0 = Debug|Win32
		{C4D33F84-079F-4842-B9DA-FC7215A82B30}.Release|x64.ActiveCfg = Release|x64
		{C4D33F84-079F-4842-B9DA-FC7215A82B30}.Release|x64.Build.0 = Release|x64
		{C4D33F84-079F-4842-B9DA-FC7215A82B30}.Release|x86.ActiveCfg = Release|Win32
		{C4D33F84-079F-4842-B9DA-FC7215A82B30}.Release|x86.Build.0 = Release|Win32
	EndGlobalSection
	GlobalSection(SolutionProperties) = preSolution
		HideSolutionNode = FALSE
	EndGlobalSection
	GlobalSection(ExtensibilityGlobals) = postSolution
		SolutionGuid = {81F42F67-21FE-4B32-95F7-C9123263EE0A}
	EndGlobalSection
EndGlobal
